
Microsoft Visual Studio Solution File, Format Version 12.00
Project("{FAE04EC0-301F-11D3-BF4B-00C04F79EFBC}") = "TBL.Benchmark", "TBL.Benchmark\TBL.Benchmark.csproj", "{689743FE-0079-4C56-B54A-998AC3672C39}"
EndProject
Global
	GlobalSection(SolutionConfigurationPlatforms) = preSolution
		Debug|Any CPU = Debug|Any CPU
		Release|Any CPU = Release|Any CPU
	EndGlobalSection
	GlobalSection(ProjectConfigurationPlatforms) = postSolution
		{689743FE-0079-4C56-B54A-998AC3672C39}.Debug|Any CPU.ActiveCfg = Debug|Any CPU
		{689743FE-0079-4C56-B54A-998AC3672C39}.Debug|Any CPU.Build.0 = Debug|Any CPU
		{689743FE-0079-4C56-B54A-998AC3672C39}.Release|Any CPU.ActiveCfg = Release|Any CPU
		{689743FE-0079-4C56-B54A-998AC3672C39}.Release|Any CPU.Build.0 = Release|Any CPU
	EndGlobalSection
EndGlobal
